
Microsoft Visual Studio Solution File, Format Version 12.00
# Visual Studio Version 16
VisualStudioVersion = 16.0.29911.84
MinimumVisualStudioVersion = 10.0.40219.1
Project("{9A19103F-16F7-4668-BE54-9A1E7A4F7556}") = "Inventario.UI", "Inventario.UI\Inventario.UI.csproj", "{1476AA4A-5628-4A3B-BA0B-31C4C34FDA04}"
EndProject
Project("{9A19103F-16F7-4668-BE54-9A1E7A4F7556}") = "Inventario.Model", "Inventario.Model\Inventario.Model.csproj", "{3D19747A-BA65-4F1E-AEB1-9F18112DC758}"
EndProject
Project("{9A19103F-16F7-4668-BE54-9A1E7A4F7556}") = "Inventario.Data", "Inventario.Data.Dapper\Inventario.Data.csproj", "{A489C57C-1C83-41C2-B4D2-6D357C749CF3}"
EndProject
Global
	GlobalSection(SolutionConfigurationPlatforms) = preSolution
		Debug|Any CPU = Debug|Any CPU
		Release|Any CPU = Release|Any CPU
	EndGlobalSection
	GlobalSection(ProjectConfigurationPlatforms) = postSolution
		{1476AA4A-5628-4A3B-BA0B-31C4C34FDA04}.Debug|Any CPU.ActiveCfg = Debug|Any CPU
		{1476AA4A-5628-4A3B-BA0B-31C4C34FDA04}.Debug|Any CPU.Build.0 = Debug|Any CPU
		{1476AA4A-5628-4A3B-BA0B-31C4C34FDA04}.Release|Any CPU.ActiveCfg = Release|Any CPU
		{1476AA4A-5628-4A3B-BA0B-31C4C34FDA04}.Release|Any CPU.Build.0 = Release|Any CPU
		{3D19747A-BA65-4F1E-AEB1-9F18112DC758}.Debug|Any CPU.ActiveCfg = Debug|Any CPU
		{3D19747A-BA65-4F1E-AEB1-9F18112DC758}.Debug|Any CPU.Build.0 = Debug|Any CPU
		{3D19747A-BA65-4F1E-AEB1-9F18112DC758}.Release|Any CPU.ActiveCfg = Release|Any CPU
		{3D19747A-BA65-4F1E-AEB1-9F18112DC758}.Release|Any CPU.Build.0 = Release|Any CPU
		{A489C57C-1C83-41C2-B4D2-6D357C749CF3}.Debug|Any CPU.ActiveCfg = Debug|Any CPU
		{A489C57C-1C83-41C2-B4D2-6D357C749CF3}.Debug|Any CPU.Build.0 = Debug|Any CPU
		{A489C57C-1C83-41C2-B4D2-6D357C749CF3}.Release|Any CPU.ActiveCfg = Release|Any CPU
		{A489C57C-1C83-41C2-B4D2-6D357C749CF3}.Release|Any CPU.Build.0 = Release|Any CPU
	EndGlobalSection
	GlobalSection(SolutionProperties) = preSolution
		HideSolutionNode = FALSE
	EndGlobalSection
	GlobalSection(ExtensibilityGlobals) = postSolution
		SolutionGuid = {37B8F903-1B66-4EE5-A6A4-6D625C470399}
	EndGlobalSection
EndGlobal
